schema: '2.0'
stages:
  data_ingestion:
    cmd: python3 src/data/data_ingestion.py
    deps:
    - path: src/data/data_ingestion.py
      hash: md5
      md5: f31b7312356c819f366c9bfe6225d687
      size: 2639
    params:
      params.yaml:
        data_ingestion.url: 
          https://raw.githubusercontent.com/Rocky0412/Datasets/master/Reddit_Data.csv
    outs:
    - path: data/raw
      hash: md5
      md5: 448fbdb9c057e592cf34c45905658554.dir
      size: 6839501
      nfiles: 1
  data_preprocessing:
    cmd: python3 src/data_preprocessing/data_preprocess.py
    deps:
    - path: data/raw
      hash: md5
      md5: 448fbdb9c057e592cf34c45905658554.dir
      size: 6839501
      nfiles: 1
    - path: src/data_preprocessing/data_preprocess.py
      hash: md5
      md5: ab4791114fe8b850fde29c534a4071d0
      size: 3957
    params:
      params.yaml:
        data_preprocessing.test_size: 0.3
    outs:
    - path: data/processed/test
      hash: md5
      md5: 4afc576c5ae8366603f1e7914ce7476d.dir
      size: 974537
      nfiles: 2
    - path: data/processed/train
      hash: md5
      md5: 116aca9f1e3f2864ae56167ab261471b.dir
      size: 4026636
      nfiles: 2
  feature_engineering:
    cmd: python3 src/features/feature_engineering.py
    deps:
    - path: data/processed/train
      hash: md5
      md5: 9d3616767cc797ab07eab9925b70b3dd.dir
      size: 161306975
      nfiles: 4
    - path: src/features/feature_engineering.py
      hash: md5
      md5: 791408142c680e2c416f54afc929cb9c
      size: 2612
    outs:
    - path: vectorizer/vectorizer.pkl
      hash: md5
      md5: 662952215a21e992b3f79c69770868c9
      size: 36715
  model_building:
    cmd: python3 src/models/model_building.py
    deps:
    - path: data/processed/test
      hash: md5
      md5: 4afc576c5ae8366603f1e7914ce7476d.dir
      size: 974537
      nfiles: 2
    - path: vectorizer/vectorizer.pkl
      hash: md5
      md5: 662952215a21e992b3f79c69770868c9
      size: 36715
    outs:
    - path: model/model.pkl
      hash: md5
      md5: 24dcaad434da5c572424d5de4875173c
      size: 6351945
  model_evalution:
    cmd: python3 src/models/model_evaluation.py
    deps:
    - path: model
      hash: md5
      md5: e58c724d35cfeced94ea3730ce6bcfd7.dir
      size: 6351956
      nfiles: 2
    - path: src/models/model_evaluation.py
      hash: md5
      md5: 9be8e0e7f6843e4faac4ff0f8acb578f
      size: 3802
    - path: vectorizer
      hash: md5
      md5: b2730985e7429ea019c602ca180c4403.dir
      size: 36731
      nfiles: 2
    outs:
    - path: Metric/metric.yaml
      hash: md5
      md5: dfe51927679eda3386793379732e410e
      size: 109
    - path: Model_info/experiment.json
      hash: md5
      md5: 44714e5ee26b0e07ebd4d2f4024a7e8a
      size: 212
  register_model:
    cmd: python3 src/models/model_register.py
    deps:
    - path: Model_info/experiment.json
      hash: md5
      md5: 44714e5ee26b0e07ebd4d2f4024a7e8a
      size: 212
    - path: src/models/model_register.py
      hash: md5
      md5: 9436b3057a7a0a8b8c7d4cf6abf6866b
      size: 3975
